
Microsoft Visual Studio Solution File, Format Version 12.00
# Visual Studio 15
VisualStudioVersion = 15.0.26730.15
MinimumVisualStudioVersion = 10.0.40219.1
Project("{8BC9CEB8-8B4A-11D0-8D11-00A0C91BC942}") = "PreyPredator", "PreyPredator\PreyPredator.vcxproj", "{071995F4-F0F1-435F-8CB7-747D21C70E58}"
EndProject
Global
	GlobalSection(SolutionConfigurationPlatforms) = preSolution
		Debug|x64 = Debug|x64
		Debug|x86 = Debug|x86
		Release|x64 = Release|x64
		Release|x86 = Release|x86
	EndGlobalSection
	GlobalSection(ProjectConfigurationPlatforms) = postSolution
		{071995F4-F0F1-435F-8CB7-747D21C70E58}.Debug|x64.ActiveCfg = Debug|x64
		{071995F4-F0F1-435F-8CB7-747D21C70E58}.Debug|x64.Build.0 = Debug|x64
		{071995F4-F0F1-435F-8CB7-747D21C70E58}.Debug|x86.ActiveCfg = Debug|Win32
		{071995F4-F0F1-435F-8CB7-747D21C70E58}.Debug|x86.Build.0 = Debug|Win32
		{071995F4-F0F1-435F-8CB7-747D21C70E58}.Release|x64.ActiveCfg = Release|x64
		{071995F4-F0F1-435F-8CB7-747D21C70E58}.Release|x64.Build.0 = Release|x64
		{071995F4-F0F1-435F-8CB7-747D21C70E58}.Release|x86.ActiveCfg = Release|Win32
		{071995F4-F0F1-435F-8CB7-747D21C70E58}.Release|x86.Build.0 = Release|Win32
	EndGlobalSection
	GlobalSection(SolutionProperties) = preSolution
		HideSolutionNode = FALSE
	EndGlobalSection
	GlobalSection(ExtensibilityGlobals) = postSolution
		SolutionGuid = {C6525C52-2C33-42A6-8F9F-93E1B6877FA6}
	EndGlobalSection
EndGlobal
